
Microsoft Visual Studio Solution File, Format Version 12.00
# Visual Studio 14
VisualStudioVersion = 14.0.23107.0
MinimumVisualStudioVersion = 10.0.40219.1
Project("{F2A71F9B-5D33-465A-A702-920D77279786}") = "FSharp.PageUp.Puzzle", "FSharp.PageUp.Puzzle\FSharp.PageUp.Puzzle.fsproj", "{065648BE-A111-495C-BC80-57827B13163B}"
EndProject
Project("{F2A71F9B-5D33-465A-A702-920D77279786}") = "FSharp.PageUp.Puzzle.Console", "FSharp.PageUp.Puzzle.Console\FSharp.PageUp.Puzzle.Console.fsproj", "{616A77C6-3043-49FE-B404-5666BE19566C}"
EndProject
Project("{F2A71F9B-5D33-465A-A702-920D77279786}") = "FSharp.PageUp.Puzzle.Tests", "FSharp.PageUp.Puzzle.Tests\FSharp.PageUp.Puzzle.Tests.fsproj", "{9E0D37E7-5060-48DB-A966-C30D3E6A63CE}"
EndProject
Global
	GlobalSection(SolutionConfigurationPlatforms) = preSolution
		Debug|Any CPU = Debug|Any CPU
		Release|Any CPU = Release|Any CPU
	EndGlobalSection
	GlobalSection(ProjectConfigurationPlatforms) = postSolution
		{065648BE-A111-495C-BC80-57827B13163B}.Debug|Any CPU.ActiveCfg = Debug|Any CPU
		{065648BE-A111-495C-BC80-57827B13163B}.Debug|Any CPU.Build.0 = Debug|Any CPU
		{065648BE-A111-495C-BC80-57827B13163B}.Release|Any CPU.ActiveCfg = Release|Any CPU
		{065648BE-A111-495C-BC80-57827B13163B}.Release|Any CPU.Build.0 = Release|Any CPU
		{616A77C6-3043-49FE-B404-5666BE19566C}.Debug|Any CPU.ActiveCfg = Debug|Any CPU
		{616A77C6-3043-49FE-B404-5666BE19566C}.Debug|Any CPU.Build.0 = Debug|Any CPU
		{616A77C6-3043-49FE-B404-5666BE19566C}.Release|Any CPU.ActiveCfg = Release|Any CPU
		{616A77C6-3043-49FE-B404-5666BE19566C}.Release|Any CPU.Build.0 = Release|Any CPU
		{9E0D37E7-5060-48DB-A966-C30D3E6A63CE}.Debug|Any CPU.ActiveCfg = Debug|Any CPU
		{9E0D37E7-5060-48DB-A966-C30D3E6A63CE}.Debug|Any CPU.Build.0 = Debug|Any CPU
		{9E0D37E7-5060-48DB-A966-C30D3E6A63CE}.Release|Any CPU.ActiveCfg = Release|Any CPU
		{9E0D37E7-5060-48DB-A966-C30D3E6A63CE}.Release|Any CPU.Build.0 = Release|Any CPU
	EndGlobalSection
	GlobalSection(SolutionProperties) = preSolution
		HideSolutionNode = FALSE
	EndGlobalSection
EndGlobal
